
Microsoft Visual Studio Solution File, Format Version 12.00
# Visual Studio Version 16
VisualStudioVersion = 16.0.31624.102
MinimumVisualStudioVersion = 10.0.40219.1
Project("{8BC9CEB8-8B4A-11D0-8D11-00A0C91BC942}") = "Basic", "Basic\Basic.vcxproj", "{62A74F25-96BB-4D32-8F34-87E1D9371102}"
EndProject
Project("{8BC9CEB8-8B4A-11D0-8D11-00A0C91BC942}") = "Logger", "Logger\Logger.vcxproj", "{4EF52F10-989B-40D2-9483-3572BDE52245}"
EndProject
Project("{8BC9CEB8-8B4A-11D0-8D11-00A0C91BC942}") = "LazySingleton", "LazySingleton\LazySingleton.vcxproj", "{1D2B477D-0CA5-4DED-9B45-B43D0718E0C1}"
EndProject
Project("{8BC9CEB8-8B4A-11D0-8D11-00A0C91BC942}") = "LoggerLazyLoadCpp17", "LoggerLazyLoadCpp17\LoggerLazyLoadCpp17.vcxproj", "{1C3FB3C5-3EDC-4230-AA67-7496F95D294A}"
EndProject
Global
	GlobalSection(SolutionConfigurationPlatforms) = preSolution
		Debug|x64 = Debug|x64
		Debug|x86 = Debug|x86
		Release|x64 = Release|x64
		Release|x86 = Release|x86
	EndGlobalSection
	GlobalSection(ProjectConfigurationPlatforms) = postSolution
		{62A74F25-96BB-4D32-8F34-87E1D9371102}.Debug|x64.ActiveCfg = Debug|x64
		{62A74F25-96BB-4D32-8F34-87E1D9371102}.Debug|x64.Build.0 = Debug|x64
		{62A74F25-96BB-4D32-8F34-87E1D9371102}.Debug|x86.ActiveCfg = Debug|Win32
		{62A74F25-96BB-4D32-8F34-87E1D9371102}.Debug|x86.Build.0 = Debug|Win32
		{62A74F25-96BB-4D32-8F34-87E1D9371102}.Release|x64.ActiveCfg = Release|x64
		{62A74F25-96BB-4D32-8F34-87E1D9371102}.Release|x64.Build.0 = Release|x64
		{62A74F25-96BB-4D32-8F34-87E1D9371102}.Release|x86.ActiveCfg = Release|Win32
		{62A74F25-96BB-4D32-8F34-87E1D9371102}.Release|x86.Build.0 = Release|Win32
		{4EF52F10-989B-40D2-9483-3572BDE52245}.Debug|x64.ActiveCfg = Debug|x64
		{4EF52F10-989B-40D2-9483-3572BDE52245}.Debug|x64.Build.0 = Debug|x64
		{4EF52F10-989B-40D2-9483-3572BDE52245}.Debug|x86.ActiveCfg = Debug|Win32
		{4EF52F10-989B-40D2-9483-3572BDE52245}.Debug|x86.Build.0 = Debug|Win32
		{4EF52F10-989B-40D2-9483-3572BDE52245}.Release|x64.ActiveCfg = Release|x64
		{4EF52F10-989B-40D2-9483-3572BDE52245}.Release|x64.Build.0 = Release|x64
		{4EF52F10-989B-40D2-9483-3572BDE52245}.Release|x86.ActiveCfg = Release|Win32
		{4EF52F10-989B-40D2-9483-3572BDE52245}.Release|x86.Build.0 = Release|Win32
		{1D2B477D-0CA5-4DED-9B45-B43D0718E0C1}.Debug|x64.ActiveCfg = Debug|x64
		{1D2B477D-0CA5-4DED-9B45-B43D0718E0C1}.Debug|x64.Build.0 = Debug|x64
		{1D2B477D-0CA5-4DED-9B45-B43D0718E0C1}.Debug|x86.ActiveCfg = Debug|Win32
		{1D2B477D-0CA5-4DED-9B45-B43D0718E0C1}.Debug|x86.Build.0 = Debug|Win32
		{1D2B477D-0CA5-4DED-9B45-B43D0718E0C1}.Release|x64.ActiveCfg = Release|x64
		{1D2B477D-0CA5-4DED-9B45-B43D0718E0C1}.Release|x64.Build.0 = Release|x64
		{1D2B477D-0CA5-4DED-9B45-B43D0718E0C1}.Release|x86.ActiveCfg = Release|Win32
		{1D2B477D-0CA5-4DED-9B45-B43D0718E0C1}.Release|x86.Build.0 = Release|Win32
		{1C3FB3C5-3EDC-4230-AA67-7496F95D294A}.Debug|x64.ActiveCfg = Debug|x64
		{1C3FB3C5-3EDC-4230-AA67-7496F95D294A}.Debug|x64.Build.0 = Debug|x64
		{1C3FB3C5-3EDC-4230-AA67-7496F95D294A}.Debug|x86.ActiveCfg = Debug|Win32
		{1C3FB3C5-3EDC-4230-AA67-7496F95D294A}.Debug|x86.Build.0 = Debug|Win32
		{1C3FB3C5-3EDC-4230-AA67-7496F95D294A}.Release|x64.ActiveCfg = Release|x64
		{1C3FB3C5-3EDC-4230-AA67-7496F95D294A}.Release|x64.Build.0 = Release|x64
		{1C3FB3C5-3EDC-4230-AA67-7496F95D294A}.Release|x86.ActiveCfg = Release|Win32
		{1C3FB3C5-3EDC-4230-AA67-7496F95D294A}.Release|x86.Build.0 = Release|Win32
	EndGlobalSection
	GlobalSection(SolutionProperties) = preSolution
		HideSolutionNode = FALSE
	EndGlobalSection
	GlobalSection(ExtensibilityGlobals) = postSolution
		SolutionGuid = {1134C47A-A3C1-4695-9397-9BE7B5FB911B}
	EndGlobalSection
EndGlobal
